
Microsoft Visual Studio Solution File, Format Version 12.00
# Visual Studio Version 17
VisualStudioVersion = 17.7.34018.315
MinimumVisualStudioVersion = 10.0.40219.1
Project("{FAE04EC0-301F-11D3-BF4B-00C04F79EFBC}") = "Inlämnnguppgift 4.5", "Inlämnnguppgift 4.5\Inlämnnguppgift 4.5.csproj", "{804BBD8D-813F-4A09-B017-1EF08676BDA6}"
EndProject
Global
	GlobalSection(SolutionConfigurationPlatforms) = preSolution
		Debug|Any CPU = Debug|Any CPU
		Release|Any CPU = Release|Any CPU
	EndGlobalSection
	GlobalSection(ProjectConfigurationPlatforms) = postSolution
		{804BBD8D-813F-4A09-B017-1EF08676BDA6}.Debug|Any CPU.ActiveCfg = Debug|Any CPU
		{804BBD8D-813F-4A09-B017-1EF08676BDA6}.Debug|Any CPU.Build.0 = Debug|Any CPU
		{804BBD8D-813F-4A09-B017-1EF08676BDA6}.Release|Any CPU.ActiveCfg = Release|Any CPU
		{804BBD8D-813F-4A09-B017-1EF08676BDA6}.Release|Any CPU.Build.0 = Release|Any CPU
	EndGlobalSection
	GlobalSection(SolutionProperties) = preSolution
		HideSolutionNode = FALSE
	EndGlobalSection
	GlobalSection(ExtensibilityGlobals) = postSolution
		SolutionGuid = {414630FF-504E-48CA-9D1F-BF732686CF2A}
	EndGlobalSection
EndGlobal
